{
  "version": 4,
  "terraform_version": "1.1.6",
  "serial": 154,
  "lineage": "8be7fe98-cc23-8ac9-c367-faa9c1345e0d",
  "outputs": {},
  "resources": [
    {
      "module": "module.jupiter_application_load_balancer",
      "mode": "managed",
      "type": "aws_lb",
      "name": "Jupiter_loadbalancer",
      "provider": "module.jupiter_application_load_balancer.provider[\"registry.terraform.io/hashicorp/aws\"]",
      "instances": [
        {
          "schema_version": 0,
          "attributes": {
            "access_logs": [
              {
                "bucket": "",
                "enabled": false,
                "prefix": ""
              }
            ],
            "arn": "arn:aws:elasticloadbalancing:us-west-2:350358714376:loadbalancer/app/jupiter-load-balancer/9945ccf95026dad8",
            "arn_suffix": "app/jupiter-load-balancer/9945ccf95026dad8",
            "customer_owned_ipv4_pool": "",
            "dns_name": "jupiter-load-balancer-1503661468.us-west-2.elb.amazonaws.com",
            "drop_invalid_header_fields": false,
            "enable_cross_zone_load_balancing": null,
            "enable_deletion_protection": false,
            "enable_http2": true,
            "id": "arn:aws:elasticloadbalancing:us-west-2:350358714376:loadbalancer/app/jupiter-load-balancer/9945ccf95026dad8",
            "idle_timeout": 60,
            "internal": false,
            "ip_address_type": "ipv4",
            "load_balancer_type": "application",
            "name": "jupiter-load-balancer",
            "name_prefix": null,
            "security_groups": [
              "sg-0cc5396459fb195b2"
            ],
            "subnet_mapping": [
              {
                "allocation_id": "",
                "ipv6_address": "",
                "outpost_id": "",
                "private_ipv4_address": "",
                "subnet_id": "subnet-046dfce6952d67b3a"
              },
              {
                "allocation_id": "",
                "ipv6_address": "",
                "outpost_id": "",
                "private_ipv4_address": "",
                "subnet_id": "subnet-0a08481908c5ca0dd"
              }
            ],
            "subnets": [
              "subnet-046dfce6952d67b3a",
              "subnet-0a08481908c5ca0dd"
            ],
            "tags": {
              "Name": "jupiter-load-balancer"
            },
            "tags_all": {
              "Name": "jupiter-load-balancer"
            },
            "timeouts": null,
            "vpc_id": "vpc-0ae14fa34f12ef6c6",
            "zone_id": "Z1H1FL5HABSF5"
          },
          "sensitive_attributes": [],
          "private": "eyJlMmJmYjczMC1lY2FhLTExZTYtOGY4OC0zNDM2M2JjN2M0YzAiOnsiY3JlYXRlIjo2MDAwMDAwMDAwMDAsImRlbGV0ZSI6NjAwMDAwMDAwMDAwLCJ1cGRhdGUiOjYwMDAwMDAwMDAwMH19"
        }
      ]
    },
    {
      "module": "module.jupiter_application_load_balancer",
      "mode": "managed",
      "type": "aws_lb_listener",
      "name": "back_end",
      "provider": "module.jupiter_application_load_balancer.provider[\"registry.terraform.io/hashicorp/aws\"]",
      "instances": [
        {
          "schema_version": 0,
          "attributes": {
            "alpn_policy": null,
            "arn": "arn:aws:elasticloadbalancing:us-west-2:350358714376:listener/app/jupiter-load-balancer/9945ccf95026dad8/c8802e50e442eb19",
            "certificate_arn": null,
            "default_action": [
              {
                "authenticate_cognito": [],
                "authenticate_oidc": [],
                "fixed_response": [],
                "forward": [],
                "order": 1,
                "redirect": [],
                "target_group_arn": "arn:aws:elasticloadbalancing:us-west-2:350358714376:targetgroup/alb-tg-api/b829a253014f0117",
                "type": "forward"
              }
            ],
            "id": "arn:aws:elasticloadbalancing:us-west-2:350358714376:listener/app/jupiter-load-balancer/9945ccf95026dad8/c8802e50e442eb19",
            "load_balancer_arn": "arn:aws:elasticloadbalancing:us-west-2:350358714376:loadbalancer/app/jupiter-load-balancer/9945ccf95026dad8",
            "port": 8080,
            "protocol": "HTTP",
            "ssl_policy": "",
            "tags": null,
            "tags_all": {},
            "timeouts": null
          },
          "sensitive_attributes": [],
          "private": "eyJlMmJmYjczMC1lY2FhLTExZTYtOGY4OC0zNDM2M2JjN2M0YzAiOnsicmVhZCI6NjAwMDAwMDAwMDAwfX0=",
          "dependencies": [
            "module.jupiter_application_load_balancer.aws_lb.Jupiter_loadbalancer",
            "module.jupiter_application_load_balancer.aws_lb_target_group.this-api"
          ]
        }
      ]
    },
    {
      "module": "module.jupiter_application_load_balancer",
      "mode": "managed",
      "type": "aws_lb_listener",
      "name": "react",
      "provider": "module.jupiter_application_load_balancer.provider[\"registry.terraform.io/hashicorp/aws\"]",
      "instances": [
        {
          "schema_version": 0,
          "attributes": {
            "alpn_policy": null,
            "arn": "arn:aws:elasticloadbalancing:us-west-2:350358714376:listener/app/jupiter-load-balancer/9945ccf95026dad8/f974e5b320565ab6",
            "certificate_arn": null,
            "default_action": [
              {
                "authenticate_cognito": [],
                "authenticate_oidc": [],
                "fixed_response": [],
                "forward": [],
                "order": 1,
                "redirect": [],
                "target_group_arn": "arn:aws:elasticloadbalancing:us-west-2:350358714376:targetgroup/alb-tg-react/46ab4ccbbff59763",
                "type": "forward"
              }
            ],
            "id": "arn:aws:elasticloadbalancing:us-west-2:350358714376:listener/app/jupiter-load-balancer/9945ccf95026dad8/f974e5b320565ab6",
            "load_balancer_arn": "arn:aws:elasticloadbalancing:us-west-2:350358714376:loadbalancer/app/jupiter-load-balancer/9945ccf95026dad8",
            "port": 80,
            "protocol": "HTTP",
            "ssl_policy": "",
            "tags": null,
            "tags_all": {},
            "timeouts": null
          },
          "sensitive_attributes": [],
          "private": "eyJlMmJmYjczMC1lY2FhLTExZTYtOGY4OC0zNDM2M2JjN2M0YzAiOnsicmVhZCI6NjAwMDAwMDAwMDAwfX0=",
          "dependencies": [
            "module.jupiter_application_load_balancer.aws_lb.Jupiter_loadbalancer",
            "module.jupiter_application_load_balancer.aws_lb_target_group.this-react"
          ]
        }
      ]
    },
    {
      "module": "module.jupiter_application_load_balancer",
      "mode": "managed",
      "type": "aws_lb_target_group",
      "name": "this-api",
      "provider": "module.jupiter_application_load_balancer.provider[\"registry.terraform.io/hashicorp/aws\"]",
      "instances": [
        {
          "schema_version": 0,
          "attributes": {
            "arn": "arn:aws:elasticloadbalancing:us-west-2:350358714376:targetgroup/alb-tg-api/b829a253014f0117",
            "arn_suffix": "targetgroup/alb-tg-api/b829a253014f0117",
            "deregistration_delay": 300,
            "health_check": [
              {
                "enabled": true,
                "healthy_threshold": 5,
                "interval": 30,
                "matcher": "200",
                "path": "/",
                "port": "traffic-port",
                "protocol": "HTTP",
                "timeout": 5,
                "unhealthy_threshold": 2
              }
            ],
            "id": "arn:aws:elasticloadbalancing:us-west-2:350358714376:targetgroup/alb-tg-api/b829a253014f0117",
            "lambda_multi_value_headers_enabled": false,
            "load_balancing_algorithm_type": "round_robin",
            "name": "alb-tg-api",
            "name_prefix": null,
            "port": 8080,
            "preserve_client_ip": null,
            "protocol": "HTTP",
            "protocol_version": "HTTP1",
            "proxy_protocol_v2": false,
            "slow_start": 0,
            "stickiness": [
              {
                "cookie_duration": 86400,
                "cookie_name": "",
                "enabled": false,
                "type": "lb_cookie"
              }
            ],
            "tags": null,
            "tags_all": {},
            "target_type": "instance",
            "vpc_id": "vpc-0ae14fa34f12ef6c6"
          },
          "sensitive_attributes": [],
          "private": "bnVsbA=="
        }
      ]
    },
    {
      "module": "module.jupiter_application_load_balancer",
      "mode": "managed",
      "type": "aws_lb_target_group",
      "name": "this-react",
      "provider": "module.jupiter_application_load_balancer.provider[\"registry.terraform.io/hashicorp/aws\"]",
      "instances": [
        {
          "schema_version": 0,
          "attributes": {
            "arn": "arn:aws:elasticloadbalancing:us-west-2:350358714376:targetgroup/alb-tg-react/46ab4ccbbff59763",
            "arn_suffix": "targetgroup/alb-tg-react/46ab4ccbbff59763",
            "deregistration_delay": 300,
            "health_check": [
              {
                "enabled": true,
                "healthy_threshold": 5,
                "interval": 30,
                "matcher": "200",
                "path": "/",
                "port": "traffic-port",
                "protocol": "HTTP",
                "timeout": 5,
                "unhealthy_threshold": 2
              }
            ],
            "id": "arn:aws:elasticloadbalancing:us-west-2:350358714376:targetgroup/alb-tg-react/46ab4ccbbff59763",
            "lambda_multi_value_headers_enabled": false,
            "load_balancing_algorithm_type": "round_robin",
            "name": "alb-tg-react",
            "name_prefix": null,
            "port": 80,
            "preserve_client_ip": null,
            "protocol": "HTTP",
            "protocol_version": "HTTP1",
            "proxy_protocol_v2": false,
            "slow_start": 0,
            "stickiness": [
              {
                "cookie_duration": 86400,
                "cookie_name": "",
                "enabled": false,
                "type": "lb_cookie"
              }
            ],
            "tags": null,
            "tags_all": {},
            "target_type": "instance",
            "vpc_id": "vpc-0ae14fa34f12ef6c6"
          },
          "sensitive_attributes": [],
          "private": "bnVsbA=="
        }
      ]
    },
    {
      "module": "module.jupiter_auto_scaling_group",
      "mode": "managed",
      "type": "aws_autoscaling_group",
      "name": "api_autoscaling_group",
      "provider": "provider[\"registry.terraform.io/hashicorp/aws\"]",
      "instances": [
        {
          "schema_version": 0,
          "attributes": {
            "arn": "arn:aws:autoscaling:us-west-2:350358714376:autoScalingGroup:7c35a80f-aa06-407b-9251-fcfb0e510e98:autoScalingGroupName/Jupiter-api-ASG",
            "availability_zones": [
              "us-west-2a",
              "us-west-2b"
            ],
            "capacity_rebalance": false,
            "default_cooldown": 300,
            "desired_capacity": 2,
            "enabled_metrics": null,
            "force_delete": false,
            "force_delete_warm_pool": false,
            "health_check_grace_period": 300,
            "health_check_type": "EC2",
            "id": "Jupiter-api-ASG",
            "initial_lifecycle_hook": [],
            "instance_refresh": [],
            "launch_configuration": "",
            "launch_template": [
              {
                "id": "lt-0acfcd6a672a5a73b",
                "name": "trevor_launch_template1",
                "version": ""
              }
            ],
            "load_balancers": null,
            "max_instance_lifetime": 0,
            "max_size": 3,
            "metrics_granularity": "1Minute",
            "min_elb_capacity": null,
            "min_size": 1,
            "mixed_instances_policy": [],
            "name": "Jupiter-api-ASG",
            "name_prefix": "",
            "placement_group": "",
            "protect_from_scale_in": false,
            "service_linked_role_arn": "arn:aws:iam::350358714376:role/aws-service-role/autoscaling.amazonaws.com/AWSServiceRoleForAutoScaling",
            "suspended_processes": null,
            "tag": [
              {
                "key": "Name",
                "propagate_at_launch": true,
                "value": "jupiter-api-asg"
              }
            ],
            "tags": null,
            "target_group_arns": [
              "arn:aws:elasticloadbalancing:us-west-2:350358714376:targetgroup/alb-tg-api/b829a253014f0117"
            ],
            "termination_policies": null,
            "timeouts": null,
            "vpc_zone_identifier": [
              "subnet-046dfce6952d67b3a",
              "subnet-0a08481908c5ca0dd"
            ],
            "wait_for_capacity_timeout": "10m",
            "wait_for_elb_capacity": null,
            "warm_pool": []
          },
          "sensitive_attributes": [],
          "private": "eyJlMmJmYjczMC1lY2FhLTExZTYtOGY4OC0zNDM2M2JjN2M0YzAiOnsiZGVsZXRlIjo2MDAwMDAwMDAwMDB9fQ==",
          "dependencies": [
            "module.jupiter_application_load_balancer.aws_lb_target_group.this-api",
            "module.jupiter_auto_scaling_group.module.api_launch_template.aws_launch_template.trevor_launch_template_api"
          ]
        }
      ]
    },
    {
      "module": "module.jupiter_auto_scaling_group",
      "mode": "managed",
      "type": "aws_autoscaling_group",
      "name": "react_asg",
      "provider": "provider[\"registry.terraform.io/hashicorp/aws\"]",
      "instances": [
        {
          "schema_version": 0,
          "attributes": {
            "arn": "arn:aws:autoscaling:us-west-2:350358714376:autoScalingGroup:e8cb6775-e4ac-4a33-b583-3bbe73e86eb0:autoScalingGroupName/jupiter-react-auto-scaling-group",
            "availability_zones": [
              "us-west-2b"
            ],
            "capacity_rebalance": false,
            "default_cooldown": 300,
            "desired_capacity": 2,
            "enabled_metrics": null,
            "force_delete": false,
            "force_delete_warm_pool": false,
            "health_check_grace_period": 300,
            "health_check_type": "EC2",
            "id": "jupiter-react-auto-scaling-group",
            "initial_lifecycle_hook": [],
            "instance_refresh": [],
            "launch_configuration": "",
            "launch_template": [
              {
                "id": "lt-065e9055ef426bf7f",
                "name": "tracy_launch_template1",
                "version": ""
              }
            ],
            "load_balancers": null,
            "max_instance_lifetime": 0,
            "max_size": 3,
            "metrics_granularity": "1Minute",
            "min_elb_capacity": null,
            "min_size": 1,
            "mixed_instances_policy": [],
            "name": "jupiter-react-auto-scaling-group",
            "name_prefix": "",
            "placement_group": "",
            "protect_from_scale_in": false,
            "service_linked_role_arn": "arn:aws:iam::350358714376:role/aws-service-role/autoscaling.amazonaws.com/AWSServiceRoleForAutoScaling",
            "suspended_processes": null,
            "tag": [
              {
                "key": "Name",
                "propagate_at_launch": true,
                "value": "jupiter-react-asg"
              }
            ],
            "tags": null,
            "target_group_arns": [
              "arn:aws:elasticloadbalancing:us-west-2:350358714376:targetgroup/alb-tg-react/46ab4ccbbff59763"
            ],
            "termination_policies": null,
            "timeouts": null,
            "vpc_zone_identifier": [
              "subnet-046dfce6952d67b3a"
            ],
            "wait_for_capacity_timeout": "10m",
            "wait_for_elb_capacity": null,
            "warm_pool": []
          },
          "sensitive_attributes": [],
          "private": "eyJlMmJmYjczMC1lY2FhLTExZTYtOGY4OC0zNDM2M2JjN2M0YzAiOnsiZGVsZXRlIjo2MDAwMDAwMDAwMDB9fQ==",
          "dependencies": [
            "module.jupiter_application_load_balancer.aws_lb_target_group.this-react",
            "module.jupiter_auto_scaling_group.module.react_launch_template.aws_launch_template.tracy_launch_template1"
          ]
        }
      ]
    },
    {
      "module": "module.jupiter_auto_scaling_group",
      "mode": "managed",
      "type": "aws_autoscaling_policy",
      "name": "jupiter_react_auto_scaling_policy",
      "provider": "provider[\"registry.terraform.io/hashicorp/aws\"]",
      "instances": [
        {
          "schema_version": 0,
          "attributes": {
            "adjustment_type": "",
            "arn": "arn:aws:autoscaling:us-west-2:350358714376:scalingPolicy:bc5a9fa5-b178-42d0-82b2-767b544ee435:autoScalingGroupName/jupiter-react-auto-scaling-group:policyName/Jupiter-scaling-policy",
            "autoscaling_group_name": "jupiter-react-auto-scaling-group",
            "cooldown": 0,
            "estimated_instance_warmup": 0,
            "id": "Jupiter-scaling-policy",
            "metric_aggregation_type": "",
            "min_adjustment_magnitude": null,
            "name": "Jupiter-scaling-policy",
            "policy_type": "TargetTrackingScaling",
            "predictive_scaling_configuration": [],
            "scaling_adjustment": 0,
            "step_adjustment": [],
            "target_tracking_configuration": [
              {
                "customized_metric_specification": [],
                "disable_scale_in": false,
                "predefined_metric_specification": [
                  {
                    "predefined_metric_type": "ASGAverageCPUUtilization",
                    "resource_label": ""
                  }
                ],
                "target_value": 50
              }
            ]
          },
          "sensitive_attributes": [],
          "private": "bnVsbA==",
          "dependencies": [
            "module.jupiter_application_load_balancer.aws_lb_target_group.this-react",
            "module.jupiter_auto_scaling_group.aws_autoscaling_group.react_asg",
            "module.jupiter_auto_scaling_group.module.react_launch_template.aws_launch_template.tracy_launch_template1"
          ]
        }
      ]
    },
    {
      "module": "module.jupiter_auto_scaling_group",
      "mode": "managed",
      "type": "aws_autoscaling_policy",
      "name": "jupiter_scaling_policy_api",
      "provider": "provider[\"registry.terraform.io/hashicorp/aws\"]",
      "instances": [
        {
          "schema_version": 0,
          "attributes": {
            "adjustment_type": "",
            "arn": "arn:aws:autoscaling:us-west-2:350358714376:scalingPolicy:1c621a8a-26fa-4a44-9c75-16ed3f5a31c4:autoScalingGroupName/Jupiter-api-ASG:policyName/Jupiter-scaling-policy",
            "autoscaling_group_name": "Jupiter-api-ASG",
            "cooldown": 0,
            "estimated_instance_warmup": 0,
            "id": "Jupiter-scaling-policy",
            "metric_aggregation_type": "",
            "min_adjustment_magnitude": null,
            "name": "Jupiter-scaling-policy",
            "policy_type": "TargetTrackingScaling",
            "predictive_scaling_configuration": [],
            "scaling_adjustment": 0,
            "step_adjustment": [],
            "target_tracking_configuration": [
              {
                "customized_metric_specification": [],
                "disable_scale_in": false,
                "predefined_metric_specification": [
                  {
                    "predefined_metric_type": "ASGAverageCPUUtilization",
                    "resource_label": ""
                  }
                ],
                "target_value": 50
              }
            ]
          },
          "sensitive_attributes": [],
          "private": "bnVsbA==",
          "dependencies": [
            "module.jupiter_application_load_balancer.aws_lb_target_group.this-api",
            "module.jupiter_auto_scaling_group.aws_autoscaling_group.api_autoscaling_group",
            "module.jupiter_auto_scaling_group.module.api_launch_template.aws_launch_template.trevor_launch_template_api"
          ]
        }
      ]
    },
    {
      "module": "module.jupiter_auto_scaling_group.module.api_launch_template",
      "mode": "managed",
      "type": "aws_launch_template",
      "name": "trevor_launch_template_api",
      "provider": "module.jupiter_auto_scaling_group.module.api_launch_template.provider[\"registry.terraform.io/hashicorp/aws\"]",
      "instances": [
        {
          "schema_version": 0,
          "attributes": {
            "arn": "arn:aws:ec2:us-west-2:350358714376:launch-template/lt-0acfcd6a672a5a73b",
            "block_device_mappings": [],
            "capacity_reservation_specification": [],
            "cpu_options": [],
            "credit_specification": [],
            "default_version": 1,
            "description": "",
            "disable_api_termination": false,
            "ebs_optimized": "",
            "elastic_gpu_specifications": [],
            "elastic_inference_accelerator": [],
            "enclave_options": [],
            "hibernation_options": [],
            "iam_instance_profile": [],
            "id": "lt-0acfcd6a672a5a73b",
            "image_id": "ami-0359b3157f016ae46",
            "instance_initiated_shutdown_behavior": "",
            "instance_market_options": [],
            "instance_type": "t2.micro",
            "kernel_id": "",
            "key_name": "trevor-rsa",
            "latest_version": 1,
            "license_specification": [],
            "metadata_options": [],
            "monitoring": [],
            "name": "trevor_launch_template1",
            "name_prefix": "",
            "network_interfaces": [
              {
                "associate_carrier_ip_address": "",
                "associate_public_ip_address": "true",
                "delete_on_termination": "",
                "description": "",
                "device_index": 0,
                "interface_type": "",
                "ipv4_address_count": 0,
                "ipv4_addresses": null,
                "ipv6_address_count": 0,
                "ipv6_addresses": null,
                "network_interface_id": "",
                "private_ip_address": "",
                "security_groups": [
                  "sg-0cc5396459fb195b2"
                ],
                "subnet_id": "subnet-046dfce6952d67b3a"
              }
            ],
            "placement": [],
            "ram_disk_id": "",
            "security_group_names": null,
            "tag_specifications": [],
            "tags": {
              "Name": "jupiter-react"
            },
            "tags_all": {
              "Name": "jupiter-react"
            },
            "update_default_version": null,
            "user_data": "ICMhL2Jpbi9iYXNoDQpzdWRvIHl1bSAteSB1cGRhdGUNCnN1ZG8geXVtIC15IGluc3RhbGwgamF2YSANCnN1ZG8geXVtIGluc3RhbGwgLXkgZ2l0DQpnaXQgY2xvbmUgaHR0cHM6Ly9naXRlZS5jb20vdXlhbzc5MV9hZG1pbi9hd3MtYmFua2VuZC1hcGkuZ2l0DQpjZCBhd3MtYmFua2VuZC1hcGkNCnN1ZG8gZWNobyAic3ByaW5nLmRhdGFzb3VyY2UudXJsPWpkYmM6cG9zdGdyZXNxbDovL1wke2RiX2VuZHBvaW50fTo1NDMyL1wke2RiX25hbWV9DQpzcHJpbmcuZGF0YXNvdXJjZS5kcml2ZXJDbGFzc05hbWU9b3JnLnBvc3RncmVzcWwuRHJpdmVyDQpzcHJpbmcuZGF0YXNvdXJjZS51c2VybmFtZT1wb3N0Z3Jlcw0Kc3ByaW5nLmRhdGFzb3VyY2UucGFzc3dvcmQ9cG9zdGdyZXMNCnNwcmluZy5qcGEuZGF0YWJhc2UtcGxhdGZvcm09b3JnLmhpYmVybmF0ZS5kaWFsZWN0LkgyRGlhbGVjdA0KbG9nZ2luZy5sZXZlbC5vcmcuaGliZXJuYXRlLlNRTD1ERUJVRw0Kc3ByaW5nLmpwYS5wcm9wZXJ0aWVzLmhpYmVybmF0ZS5kaWFsZWN0ID0gb3JnLmhpYmVybmF0ZS5kaWFsZWN0LlBvc3RncmVTUUxEaWFsZWN0DQpsb2dnaW5nLmxldmVsLm9yZy5oaWJlcm5hdGUudHlwZS5kZXNjcmlwdG9yLnNxbC5CYXNpY0JpbmRlcj1UUkFDRSIgPiBhcHBsaWNhdGlvbi5wcm9wZXJ0aWVzDQoNCnN1ZG8gYW1hem9uLWxpbnV4LWV4dHJhcyBpbnN0YWxsIGRvY2tlcg0Kc3VkbyBzZXJ2aWNlIGRvY2tlciBzdGFydA0Kc3VkbyB1c2VybW9kIC1hIC1HIGRvY2tlciBlYzItdXNlcg0Kc3VkbyBkb2NrZXIgYnVpbGQgLXQgc3ByaW5nZG9ja2VyIC4NCnN1ZG8gZG9ja2VyIHJ1biAtcCA4MDo4MDgwIHNwcmluZ2RvY2tlciAtdiAvaG9tZS9lYzItdXNlci9hd3MtYmFua2VuZC1hcGk6L2RhdGEvamF2YS9jb25maWcgLWQNCg==",
            "vpc_security_group_ids": null
          },
          "sensitive_attributes": [],
          "private": "bnVsbA=="
        }
      ]
    },
    {
      "module": "module.jupiter_auto_scaling_group.module.react_launch_template",
      "mode": "managed",
      "type": "aws_launch_template",
      "name": "tracy_launch_template1",
      "provider": "module.jupiter_auto_scaling_group.module.react_launch_template.provider[\"registry.terraform.io/hashicorp/aws\"]",
      "instances": [
        {
          "schema_version": 0,
          "attributes": {
            "arn": "arn:aws:ec2:us-west-2:350358714376:launch-template/lt-065e9055ef426bf7f",
            "block_device_mappings": [],
            "capacity_reservation_specification": [],
            "cpu_options": [],
            "credit_specification": [],
            "default_version": 1,
            "description": "",
            "disable_api_termination": false,
            "ebs_optimized": "",
            "elastic_gpu_specifications": [],
            "elastic_inference_accelerator": [],
            "enclave_options": [],
            "hibernation_options": [],
            "iam_instance_profile": [],
            "id": "lt-065e9055ef426bf7f",
            "image_id": "ami-0359b3157f016ae46",
            "instance_initiated_shutdown_behavior": "",
            "instance_market_options": [],
            "instance_type": "t2.micro",
            "kernel_id": "",
            "key_name": "trevor-rsa",
            "latest_version": 1,
            "license_specification": [],
            "metadata_options": [],
            "monitoring": [],
            "name": "tracy_launch_template1",
            "name_prefix": "",
            "network_interfaces": [
              {
                "associate_carrier_ip_address": "",
                "associate_public_ip_address": "true",
                "delete_on_termination": "",
                "description": "",
                "device_index": 0,
                "interface_type": "",
                "ipv4_address_count": 0,
                "ipv4_addresses": null,
                "ipv6_address_count": 0,
                "ipv6_addresses": null,
                "network_interface_id": "",
                "private_ip_address": "",
                "security_groups": [
                  "sg-0cc5396459fb195b2"
                ],
                "subnet_id": "subnet-046dfce6952d67b3a"
              }
            ],
            "placement": [],
            "ram_disk_id": "",
            "security_group_names": null,
            "tag_specifications": [],
            "tags": {
              "Name": "TracyReact"
            },
            "tags_all": {
              "Name": "TracyReact"
            },
            "update_default_version": null,
            "user_data": "IyEvYmluL2Jhc2gKc3VkbyBzdQpjdXJsIC0tc2lsZW50IC0tbG9jYXRpb24gaHR0cHM6Ly9ycG0ubm9kZXNvdXJjZS5jb20vc2V0dXBfMTQueCB8IHN1ZG8gYmFzaApzdWRvIHl1bSBpbnN0YWxsIC15IG5vZGVqcwpzdWRvIG1rZGlyIC91c3IvdG1wL3Rlc3RpbmcKY2QgL3Vzci90bXAvdGVzdGluZwpzdWRvIHdnZXQgaHR0cHM6Ly9naXRlZS5jb20vamlqaXhpL3JlYWN0LWJ1aWxkL3JlcG9zaXRvcnkvYXJjaGl2ZS9tYXN0ZXIuemlwCnVuemlwIG1hc3Rlci56aXAKY2QgcmVhY3QtYnVpbGQtbWFzdGVyLwpzdWRvIGVjaG8gImV4cG9ydCBjb25zdCBBUElfVVJMID0gJ2h0dHA6Ly9cJHtsYl9kbnN9OjgwODAvJyIgPiBzcmMvQ29uc3RhbnRzLmpzCnN1ZG8gbnBtIGluc3RhbGwgLWcgc2VydmUKc3VkbyBzZXJ2ZSAtbCA4MCAtcyBidWlsZAo=",
            "vpc_security_group_ids": null
          },
          "sensitive_attributes": [],
          "private": "bnVsbA=="
        }
      ]
    }
  ]
}
