{
  "version": 4,
  "terraform_version": "1.1.6",
  "serial": 1,
  "lineage": "d57fb3bc-f74c-b6eb-d3c0-0cb05620ba0c",
  "outputs": {},
  "resources": [
    {
      "mode": "managed",
      "type": "aws_launch_template",
      "name": "tracy_launch_template1",
      "provider": "provider[\"registry.terraform.io/hashicorp/aws\"]",
      "instances": [
        {
          "schema_version": 0,
          "attributes": {
            "arn": "arn:aws:ec2:us-west-2:350358714376:launch-template/lt-0b8d2055748cce362",
            "block_device_mappings": [],
            "capacity_reservation_specification": [],
            "cpu_options": [],
            "credit_specification": [],
            "default_version": 1,
            "description": "",
            "disable_api_termination": false,
            "ebs_optimized": "",
            "elastic_gpu_specifications": [],
            "elastic_inference_accelerator": [],
            "enclave_options": [],
            "hibernation_options": [],
            "iam_instance_profile": [],
            "id": "lt-0b8d2055748cce362",
            "image_id": "ami-0359b3157f016ae46",
            "instance_initiated_shutdown_behavior": "",
            "instance_market_options": [],
            "instance_type": "t2.micro",
            "kernel_id": "",
            "key_name": "trevor-rsa",
            "latest_version": 1,
            "license_specification": [],
            "metadata_options": [],
            "monitoring": [],
            "name": "tracy_launch_template1",
            "name_prefix": "",
            "network_interfaces": [
              {
                "associate_carrier_ip_address": "",
                "associate_public_ip_address": "true",
                "delete_on_termination": "",
                "description": "",
                "device_index": 0,
                "interface_type": "",
                "ipv4_address_count": 0,
                "ipv4_addresses": null,
                "ipv6_address_count": 0,
                "ipv6_addresses": null,
                "network_card_index": 0,
                "network_interface_id": "",
                "private_ip_address": "",
                "security_groups": [
                  "sg-0cc5396459fb195b2"
                ],
                "subnet_id": "subnet-046dfce6952d67b3a"
              }
            ],
            "placement": [],
            "ram_disk_id": "",
            "security_group_names": null,
            "tag_specifications": [],
            "tags": {
              "Name": "TracyReact"
            },
            "tags_all": {
              "Name": "TracyReact"
            },
            "update_default_version": null,
            "user_data": "IyEvYmluL2Jhc2gKc3VkbyBzdQpjdXJsIC0tc2lsZW50IC0tbG9jYXRpb24gaHR0cHM6Ly9ycG0ubm9kZXNvdXJjZS5jb20vc2V0dXBfMTQueCB8IHN1ZG8gYmFzaApzdWRvIHl1bSBpbnN0YWxsIC15IG5vZGVqcwpzdWRvIG1rZGlyIC91c3IvdG1wL3Rlc3RpbmcKY2QgL3Vzci90bXAvdGVzdGluZwpzdWRvIHdnZXQgaHR0cHM6Ly9naXRlZS5jb20vamlqaXhpL3JlYWN0LWJ1aWxkL3JlcG9zaXRvcnkvYXJjaGl2ZS9tYXN0ZXIuemlwCnVuemlwIG1hc3Rlci56aXAKY2QgcmVhY3QtYnVpbGQtbWFzdGVyLwpzdWRvIG5wbSBpbnN0YWxsIC1nIHNlcnZlCnN1ZG8gc2VydmUgLWwgODAgLXMgYnVpbGQK",
            "vpc_security_group_ids": null
          },
          "sensitive_attributes": [],
          "private": "bnVsbA=="
        }
      ]
    }
  ]
}
